
Microsoft Visual Studio Solution File, Format Version 12.00
# Visual Studio Version 17
VisualStudioVersion = 17.0.31903.59
MinimumVisualStudioVersion = 10.0.40219.1
Project("{FAE04EC0-301F-11D3-BF4B-00C04F79EFBC}") = "AiAgent.Api", "AiAgent.Api\AiAgent.Api.csproj", "{B6E5601F-00B4-4E9F-8CC2-BB44743AF388}"
EndProject
Project("{FAE04EC0-301F-11D3-BF4B-00C04F79EFBC}") = "AiAgent.Api.Tests", "AiAgent.Api.Tests\AiAgent.Api.Tests.csproj", "{ADBAA81F-510F-4535-AC0D-B130ADFFBBC7}"
EndProject
Project("{FAE04EC0-301F-11D3-BF4B-00C04F79EFBC}") = "Api.IntegrationTests", "Api.IntegrationTests\Api.IntegrationTests.csproj", "{64B160BF-F3AC-4EA7-B6D4-2304F7AD30A7}"
EndProject
Global
	GlobalSection(SolutionConfigurationPlatforms) = preSolution
		Debug|Any CPU = Debug|Any CPU
		Debug|x64 = Debug|x64
		Debug|x86 = Debug|x86
		Release|Any CPU = Release|Any CPU
		Release|x64 = Release|x64
		Release|x86 = Release|x86
	EndGlobalSection
	GlobalSection(ProjectConfigurationPlatforms) = postSolution
		{B6E5601F-00B4-4E9F-8CC2-BB44743AF388}.Debug|Any CPU.ActiveCfg = Debug|Any CPU
		{B6E5601F-00B4-4E9F-8CC2-BB44743AF388}.Debug|Any CPU.Build.0 = Debug|Any CPU
		{B6E5601F-00B4-4E9F-8CC2-BB44743AF388}.Debug|x64.ActiveCfg = Debug|Any CPU
		{B6E5601F-00B4-4E9F-8CC2-BB44743AF388}.Debug|x64.Build.0 = Debug|Any CPU
		{B6E5601F-00B4-4E9F-8CC2-BB44743AF388}.Debug|x86.ActiveCfg = Debug|Any CPU
		{B6E5601F-00B4-4E9F-8CC2-BB44743AF388}.Debug|x86.Build.0 = Debug|Any CPU
		{B6E5601F-00B4-4E9F-8CC2-BB44743AF388}.Release|Any CPU.ActiveCfg = Release|Any CPU
		{B6E5601F-00B4-4E9F-8CC2-BB44743AF388}.Release|Any CPU.Build.0 = Release|Any CPU
		{B6E5601F-00B4-4E9F-8CC2-BB44743AF388}.Release|x64.ActiveCfg = Release|Any CPU
		{B6E5601F-00B4-4E9F-8CC2-BB44743AF388}.Release|x64.Build.0 = Release|Any CPU
		{B6E5601F-00B4-4E9F-8CC2-BB44743AF388}.Release|x86.ActiveCfg = Release|Any CPU
		{B6E5601F-00B4-4E9F-8CC2-BB44743AF388}.Release|x86.Build.0 = Release|Any CPU
		{ADBAA81F-510F-4535-AC0D-B130ADFFBBC7}.Debug|Any CPU.ActiveCfg = Debug|Any CPU
		{ADBAA81F-510F-4535-AC0D-B130ADFFBBC7}.Debug|Any CPU.Build.0 = Debug|Any CPU
		{ADBAA81F-510F-4535-AC0D-B130ADFFBBC7}.Debug|x64.ActiveCfg = Debug|Any CPU
		{ADBAA81F-510F-4535-AC0D-B130ADFFBBC7}.Debug|x64.Build.0 = Debug|Any CPU
		{ADBAA81F-510F-4535-AC0D-B130ADFFBBC7}.Debug|x86.ActiveCfg = Debug|Any CPU
		{ADBAA81F-510F-4535-AC0D-B130ADFFBBC7}.Debug|x86.Build.0 = Debug|Any CPU
		{ADBAA81F-510F-4535-AC0D-B130ADFFBBC7}.Release|Any CPU.ActiveCfg = Release|Any CPU
		{ADBAA81F-510F-4535-AC0D-B130ADFFBBC7}.Release|Any CPU.Build.0 = Release|Any CPU
		{ADBAA81F-510F-4535-AC0D-B130ADFFBBC7}.Release|x64.ActiveCfg = Release|Any CPU
		{ADBAA81F-510F-4535-AC0D-B130ADFFBBC7}.Release|x64.Build.0 = Release|Any CPU
		{ADBAA81F-510F-4535-AC0D-B130ADFFBBC7}.Release|x86.ActiveCfg = Release|Any CPU
		{ADBAA81F-510F-4535-AC0D-B130ADFFBBC7}.Release|x86.Build.0 = Release|Any CPU
		{64B160BF-F3AC-4EA7-B6D4-2304F7AD30A7}.Debug|Any CPU.ActiveCfg = Debug|Any CPU
		{64B160BF-F3AC-4EA7-B6D4-2304F7AD30A7}.Debug|Any CPU.Build.0 = Debug|Any CPU
		{64B160BF-F3AC-4EA7-B6D4-2304F7AD30A7}.Debug|x64.ActiveCfg = Debug|Any CPU
		{64B160BF-F3AC-4EA7-B6D4-2304F7AD30A7}.Debug|x64.Build.0 = Debug|Any CPU
		{64B160BF-F3AC-4EA7-B6D4-2304F7AD30A7}.Debug|x86.ActiveCfg = Debug|Any CPU
		{64B160BF-F3AC-4EA7-B6D4-2304F7AD30A7}.Debug|x86.Build.0 = Debug|Any CPU
		{64B160BF-F3AC-4EA7-B6D4-2304F7AD30A7}.Release|Any CPU.ActiveCfg = Release|Any CPU
		{64B160BF-F3AC-4EA7-B6D4-2304F7AD30A7}.Release|Any CPU.Build.0 = Release|Any CPU
		{64B160BF-F3AC-4EA7-B6D4-2304F7AD30A7}.Release|x64.ActiveCfg = Release|Any CPU
		{64B160BF-F3AC-4EA7-B6D4-2304F7AD30A7}.Release|x64.Build.0 = Release|Any CPU
		{64B160BF-F3AC-4EA7-B6D4-2304F7AD30A7}.Release|x86.ActiveCfg = Release|Any CPU
		{64B160BF-F3AC-4EA7-B6D4-2304F7AD30A7}.Release|x86.Build.0 = Release|Any CPU
	EndGlobalSection
	GlobalSection(SolutionProperties) = preSolution
		HideSolutionNode = FALSE
	EndGlobalSection
EndGlobal
